
Microsoft Visual Studio Solution File, Format Version 12.00
Project("{2150E333-8FDC-42A3-9474-1A3956D46DE8}") = "docs", "docs", "{01FE6776-E788-46B2-93E4-1CEDB01AA851}"
	ProjectSection(SolutionItems) = preProject
		docs\index.md = docs\index.md
		docs\rpc-benchmark.md = docs\rpc-benchmark.md
	EndProjectSection
EndProject
Project("{2150E333-8FDC-42A3-9474-1A3956D46DE8}") = "src", "src", "{B5A8469D-C4BB-4808-8E44-FF4DFCA57BDE}"
EndProject
Project("{2150E333-8FDC-42A3-9474-1A3956D46DE8}") = "Blazor", "Blazor", "{9B29BD3F-7D94-4936-8379-61A2F48259AF}"
EndProject
Project("{FAE04EC0-301F-11D3-BF4B-00C04F79EFBC}") = "Abstractions", "src\Blazor\Abstractions\Abstractions.csproj", "{BA3D19EB-DDFD-4DB6-B60F-A110E22E9C48}"
EndProject
Project("{FAE04EC0-301F-11D3-BF4B-00C04F79EFBC}") = "UI", "src\Blazor\UI\UI.csproj", "{670A20E9-B4BB-4EA2-A1A0-EC45463B3A01}"
EndProject
Project("{FAE04EC0-301F-11D3-BF4B-00C04F79EFBC}") = "Server", "src\Blazor\Server\Server.csproj", "{F58743D4-2576-4354-8B59-89BCFF1154ED}"
EndProject
Project("{FAE04EC0-301F-11D3-BF4B-00C04F79EFBC}") = "HelloWorld", "src\HelloWorld\HelloWorld.csproj", "{E43053F9-B7F9-4A57-B4B7-2E84C3179D0B}"
EndProject
Project("{FAE04EC0-301F-11D3-BF4B-00C04F79EFBC}") = "HelloBlazorServer", "src\HelloBlazorServer\HelloBlazorServer.csproj", "{D347CCA4-0F31-415A-86EB-8C85C645AD22}"
EndProject
Project("{FAE04EC0-301F-11D3-BF4B-00C04F79EFBC}") = "ConsoleClient", "src\Blazor\ConsoleClient\ConsoleClient.csproj", "{AB5D5E44-4E90-48BA-BF15-1108C3950550}"
EndProject
Project("{FAE04EC0-301F-11D3-BF4B-00C04F79EFBC}") = "HelloCart", "src\HelloCart\HelloCart.csproj", "{B36E4A0D-11B7-4F54-8E98-2A9D1C4E6F2E}"
EndProject
Project("{FAE04EC0-301F-11D3-BF4B-00C04F79EFBC}") = "HelloCommandR", "src\HelloCommandR\HelloCommandR.csproj", "{60EEDA0D-791F-4195-BE7C-D1E04C66B4FC}"
EndProject
Project("{2150E333-8FDC-42A3-9474-1A3956D46DE8}") = "HelloBlazorHybrid", "HelloBlazorHybrid", "{ABFD1214-E544-44FC-A46E-7EE97AB1C20C}"
EndProject
Project("{FAE04EC0-301F-11D3-BF4B-00C04F79EFBC}") = "Abstractions", "src\HelloBlazorHybrid\Abstractions\Abstractions.csproj", "{0EFA7CF1-FD3A-4702-AA75-64F7F467F78C}"
EndProject
Project("{FAE04EC0-301F-11D3-BF4B-00C04F79EFBC}") = "Server", "src\HelloBlazorHybrid\Server\Server.csproj", "{2D95C767-6588-4C52-837F-1CF93B31A044}"
EndProject
Project("{FAE04EC0-301F-11D3-BF4B-00C04F79EFBC}") = "Services", "src\HelloBlazorHybrid\Services\Services.csproj", "{44201561-23E0-4F3D-8672-7DDB9F713343}"
EndProject
Project("{FAE04EC0-301F-11D3-BF4B-00C04F79EFBC}") = "UI", "src\HelloBlazorHybrid\UI\UI.csproj", "{E315EAF4-CB2E-45E3-B2BC-B441496D00EE}"
EndProject
Project("{FAE04EC0-301F-11D3-BF4B-00C04F79EFBC}") = "MiniRpc", "src\MiniRpc\MiniRpc.csproj", "{4CA57D31-BF65-4FCC-9016-BB1450DC20CA}"
EndProject
Project("{FAE04EC0-301F-11D3-BF4B-00C04F79EFBC}") = "MultiServerRpc", "src\MultiServerRpc\MultiServerRpc.csproj", "{92FD3B88-65AC-4CB0-B64A-F256C924B7BF}"
EndProject
Project("{FAE04EC0-301F-11D3-BF4B-00C04F79EFBC}") = "Benchmark", "src\Benchmark\Benchmark.csproj", "{34E53097-8E8B-4603-88B8-DE5C5326E503}"
EndProject
Project("{FAE04EC0-301F-11D3-BF4B-00C04F79EFBC}") = "RpcBenchmark", "src\RpcBenchmark\RpcBenchmark.csproj", "{B2016757-336F-48BB-8388-04B25EE838D2}"
EndProject
Project("{2150E333-8FDC-42A3-9474-1A3956D46DE8}") = "_", "_", "{ED07515D-6CBC-467C-9F84-831DB897A888}"
	ProjectSection(SolutionItems) = preProject
		docker-compose.yml = docker-compose.yml
		Dockerfile = Dockerfile
		README.md = README.md
		Directory.Build.props = Directory.Build.props
		Directory.Packages.props = Directory.Packages.props
		.github\workflows\Build.yml = .github\workflows\Build.yml
	EndProjectSection
EndProject
Project("{FAE04EC0-301F-11D3-BF4B-00C04F79EFBC}") = "ActualLab.Benchmarking", "src\ActualLab.Benchmarking\ActualLab.Benchmarking.csproj", "{EFD00978-099C-4F82-A411-AE27C7DB1A29}"
EndProject
Project("{FAE04EC0-301F-11D3-BF4B-00C04F79EFBC}") = "HelloRpc", "src\HelloRpc\HelloRpc.csproj", "{FAD9ABF0-290F-4FD3-9A0B-B12B69764F00}"
EndProject
Project("{2150E333-8FDC-42A3-9474-1A3956D46DE8}") = "TodoApp", "TodoApp", "{ED0683EF-EAFD-4703-A832-DEB7227A80B8}"
	ProjectSection(SolutionItems) = preProject
		src\TodoApp\Directory.Build.props = src\TodoApp\Directory.Build.props
	EndProjectSection
EndProject
Project("{FAE04EC0-301F-11D3-BF4B-00C04F79EFBC}") = "MeshRpc", "src\MeshRpc\MeshRpc.csproj", "{A893EC6D-5DEC-4F6E-B3E8-CC4B1B609224}"
EndProject
Project("{FAE04EC0-301F-11D3-BF4B-00C04F79EFBC}") = "Abstractions", "src\TodoApp\Abstractions\Abstractions.csproj", "{DEC9065F-3B4A-4EC2-AB64-9D87DDA6942C}"
EndProject
Project("{FAE04EC0-301F-11D3-BF4B-00C04F79EFBC}") = "ConsoleClient", "src\TodoApp\ConsoleClient\ConsoleClient.csproj", "{80893738-8224-4550-9132-807B757185C2}"
EndProject
Project("{FAE04EC0-301F-11D3-BF4B-00C04F79EFBC}") = "Host", "src\TodoApp\Host\Host.csproj", "{40DF73AC-028A-4551-8EC2-351EC7D7248E}"
EndProject
Project("{FAE04EC0-301F-11D3-BF4B-00C04F79EFBC}") = "Services", "src\TodoApp\Services\Services.csproj", "{D96AD6B4-1BB8-4649-958B-C0406E0DDABF}"
EndProject
Project("{FAE04EC0-301F-11D3-BF4B-00C04F79EFBC}") = "UI", "src\TodoApp\UI\UI.csproj", "{EFEE1933-36CC-4FE4-B670-111DD0A88BA5}"
EndProject
Project("{FAE04EC0-301F-11D3-BF4B-00C04F79EFBC}") = "AspireHost", "src\TodoApp\AspireHost\AspireHost.csproj", "{E11C307A-7C57-4E5B-A830-7432896686C9}"
EndProject
Project("{FAE04EC0-301F-11D3-BF4B-00C04F79EFBC}") = "ServiceDefaults", "src\TodoApp\ServiceDefaults\ServiceDefaults.csproj", "{FAFB997A-4A71-4E37-AC65-26FDA4DD5565}"
EndProject
Project("{FAE04EC0-301F-11D3-BF4B-00C04F79EFBC}") = "NativeAot", "src\NativeAot\NativeAot.csproj", "{16F342FF-A151-442E-8849-B6D81DFFAE05}"
EndProject
Project("{2150E333-8FDC-42A3-9474-1A3956D46DE8}") = "Tutorial", "Tutorial", "{8842F2FF-42F2-4B67-AEC6-F4CC7807C1AD}"
	ProjectSection(SolutionItems) = preProject
		docs\tutorial\Fusion-Cheat-Sheet.md = docs\tutorial\Fusion-Cheat-Sheet.md
		docs\tutorial\Intro.md = docs\tutorial\Intro.md
		docs\tutorial\Part00.md = docs\tutorial\Part00.md
		docs\tutorial\Part01.md = docs\tutorial\Part01.md
		docs\tutorial\Part02.md = docs\tutorial\Part02.md
		docs\tutorial\Part03.md = docs\tutorial\Part03.md
		docs\tutorial\Part04.md = docs\tutorial\Part04.md
		docs\tutorial\Part05.md = docs\tutorial\Part05.md
		docs\tutorial\Part06.md = docs\tutorial\Part06.md
		docs\tutorial\Part07.md = docs\tutorial\Part07.md
		docs\tutorial\Part08.md = docs\tutorial\Part08.md
		docs\tutorial\Part09.md = docs\tutorial\Part09.md
		docs\tutorial\Part10.md = docs\tutorial\Part10.md
		docs\tutorial\Part11.md = docs\tutorial\Part11.md
		docs\tutorial\Part12.md = docs\tutorial\Part12.md
		docs\tutorial\Part13.md = docs\tutorial\Part13.md
		docs\tutorial\PartFF.md = docs\tutorial\PartFF.md
		docs\tutorial\QuickStart.md = docs\tutorial\QuickStart.md
		docs\tutorial\README.md = docs\tutorial\README.md
	EndProjectSection
EndProject
Global
	GlobalSection(SolutionConfigurationPlatforms) = preSolution
		Debug|Any CPU = Debug|Any CPU
		Release|Any CPU = Release|Any CPU
	EndGlobalSection
	GlobalSection(NestedProjects) = preSolution
		{BA3D19EB-DDFD-4DB6-B60F-A110E22E9C48} = {9B29BD3F-7D94-4936-8379-61A2F48259AF}
		{670A20E9-B4BB-4EA2-A1A0-EC45463B3A01} = {9B29BD3F-7D94-4936-8379-61A2F48259AF}
		{F58743D4-2576-4354-8B59-89BCFF1154ED} = {9B29BD3F-7D94-4936-8379-61A2F48259AF}
		{9B29BD3F-7D94-4936-8379-61A2F48259AF} = {B5A8469D-C4BB-4808-8E44-FF4DFCA57BDE}
		{E43053F9-B7F9-4A57-B4B7-2E84C3179D0B} = {B5A8469D-C4BB-4808-8E44-FF4DFCA57BDE}
		{D347CCA4-0F31-415A-86EB-8C85C645AD22} = {B5A8469D-C4BB-4808-8E44-FF4DFCA57BDE}
		{AB5D5E44-4E90-48BA-BF15-1108C3950550} = {9B29BD3F-7D94-4936-8379-61A2F48259AF}
		{B36E4A0D-11B7-4F54-8E98-2A9D1C4E6F2E} = {B5A8469D-C4BB-4808-8E44-FF4DFCA57BDE}
		{60EEDA0D-791F-4195-BE7C-D1E04C66B4FC} = {B5A8469D-C4BB-4808-8E44-FF4DFCA57BDE}
		{ABFD1214-E544-44FC-A46E-7EE97AB1C20C} = {B5A8469D-C4BB-4808-8E44-FF4DFCA57BDE}
		{0EFA7CF1-FD3A-4702-AA75-64F7F467F78C} = {ABFD1214-E544-44FC-A46E-7EE97AB1C20C}
		{2D95C767-6588-4C52-837F-1CF93B31A044} = {ABFD1214-E544-44FC-A46E-7EE97AB1C20C}
		{44201561-23E0-4F3D-8672-7DDB9F713343} = {ABFD1214-E544-44FC-A46E-7EE97AB1C20C}
		{E315EAF4-CB2E-45E3-B2BC-B441496D00EE} = {ABFD1214-E544-44FC-A46E-7EE97AB1C20C}
		{4CA57D31-BF65-4FCC-9016-BB1450DC20CA} = {B5A8469D-C4BB-4808-8E44-FF4DFCA57BDE}
		{92FD3B88-65AC-4CB0-B64A-F256C924B7BF} = {B5A8469D-C4BB-4808-8E44-FF4DFCA57BDE}
		{34E53097-8E8B-4603-88B8-DE5C5326E503} = {B5A8469D-C4BB-4808-8E44-FF4DFCA57BDE}
		{B2016757-336F-48BB-8388-04B25EE838D2} = {B5A8469D-C4BB-4808-8E44-FF4DFCA57BDE}
		{EFD00978-099C-4F82-A411-AE27C7DB1A29} = {B5A8469D-C4BB-4808-8E44-FF4DFCA57BDE}
		{FAD9ABF0-290F-4FD3-9A0B-B12B69764F00} = {B5A8469D-C4BB-4808-8E44-FF4DFCA57BDE}
		{ED0683EF-EAFD-4703-A832-DEB7227A80B8} = {B5A8469D-C4BB-4808-8E44-FF4DFCA57BDE}
		{A893EC6D-5DEC-4F6E-B3E8-CC4B1B609224} = {B5A8469D-C4BB-4808-8E44-FF4DFCA57BDE}
		{DEC9065F-3B4A-4EC2-AB64-9D87DDA6942C} = {ED0683EF-EAFD-4703-A832-DEB7227A80B8}
		{80893738-8224-4550-9132-807B757185C2} = {ED0683EF-EAFD-4703-A832-DEB7227A80B8}
		{40DF73AC-028A-4551-8EC2-351EC7D7248E} = {ED0683EF-EAFD-4703-A832-DEB7227A80B8}
		{D96AD6B4-1BB8-4649-958B-C0406E0DDABF} = {ED0683EF-EAFD-4703-A832-DEB7227A80B8}
		{EFEE1933-36CC-4FE4-B670-111DD0A88BA5} = {ED0683EF-EAFD-4703-A832-DEB7227A80B8}
		{E11C307A-7C57-4E5B-A830-7432896686C9} = {ED0683EF-EAFD-4703-A832-DEB7227A80B8}
		{FAFB997A-4A71-4E37-AC65-26FDA4DD5565} = {ED0683EF-EAFD-4703-A832-DEB7227A80B8}
		{16F342FF-A151-442E-8849-B6D81DFFAE05} = {B5A8469D-C4BB-4808-8E44-FF4DFCA57BDE}
		{8842F2FF-42F2-4B67-AEC6-F4CC7807C1AD} = {01FE6776-E788-46B2-93E4-1CEDB01AA851}
	EndGlobalSection
	GlobalSection(ProjectConfigurationPlatforms) = postSolution
		{BA3D19EB-DDFD-4DB6-B60F-A110E22E9C48}.Debug|Any CPU.ActiveCfg = Debug|Any CPU
		{BA3D19EB-DDFD-4DB6-B60F-A110E22E9C48}.Debug|Any CPU.Build.0 = Debug|Any CPU
		{BA3D19EB-DDFD-4DB6-B60F-A110E22E9C48}.Release|Any CPU.ActiveCfg = Release|Any CPU
		{BA3D19EB-DDFD-4DB6-B60F-A110E22E9C48}.Release|Any CPU.Build.0 = Release|Any CPU
		{670A20E9-B4BB-4EA2-A1A0-EC45463B3A01}.Debug|Any CPU.ActiveCfg = Debug|Any CPU
		{670A20E9-B4BB-4EA2-A1A0-EC45463B3A01}.Debug|Any CPU.Build.0 = Debug|Any CPU
		{670A20E9-B4BB-4EA2-A1A0-EC45463B3A01}.Release|Any CPU.ActiveCfg = Release|Any CPU
		{670A20E9-B4BB-4EA2-A1A0-EC45463B3A01}.Release|Any CPU.Build.0 = Release|Any CPU
		{F58743D4-2576-4354-8B59-89BCFF1154ED}.Debug|Any CPU.ActiveCfg = Debug|Any CPU
		{F58743D4-2576-4354-8B59-89BCFF1154ED}.Debug|Any CPU.Build.0 = Debug|Any CPU
		{F58743D4-2576-4354-8B59-89BCFF1154ED}.Release|Any CPU.ActiveCfg = Release|Any CPU
		{F58743D4-2576-4354-8B59-89BCFF1154ED}.Release|Any CPU.Build.0 = Release|Any CPU
		{E43053F9-B7F9-4A57-B4B7-2E84C3179D0B}.Debug|Any CPU.ActiveCfg = Debug|Any CPU
		{E43053F9-B7F9-4A57-B4B7-2E84C3179D0B}.Debug|Any CPU.Build.0 = Debug|Any CPU
		{E43053F9-B7F9-4A57-B4B7-2E84C3179D0B}.Release|Any CPU.ActiveCfg = Release|Any CPU
		{E43053F9-B7F9-4A57-B4B7-2E84C3179D0B}.Release|Any CPU.Build.0 = Release|Any CPU
		{D347CCA4-0F31-415A-86EB-8C85C645AD22}.Debug|Any CPU.ActiveCfg = Debug|Any CPU
		{D347CCA4-0F31-415A-86EB-8C85C645AD22}.Debug|Any CPU.Build.0 = Debug|Any CPU
		{D347CCA4-0F31-415A-86EB-8C85C645AD22}.Release|Any CPU.ActiveCfg = Release|Any CPU
		{D347CCA4-0F31-415A-86EB-8C85C645AD22}.Release|Any CPU.Build.0 = Release|Any CPU
		{AB5D5E44-4E90-48BA-BF15-1108C3950550}.Debug|Any CPU.ActiveCfg = Debug|Any CPU
		{AB5D5E44-4E90-48BA-BF15-1108C3950550}.Debug|Any CPU.Build.0 = Debug|Any CPU
		{AB5D5E44-4E90-48BA-BF15-1108C3950550}.Release|Any CPU.ActiveCfg = Release|Any CPU
		{AB5D5E44-4E90-48BA-BF15-1108C3950550}.Release|Any CPU.Build.0 = Release|Any CPU
		{B36E4A0D-11B7-4F54-8E98-2A9D1C4E6F2E}.Debug|Any CPU.ActiveCfg = Debug|Any CPU
		{B36E4A0D-11B7-4F54-8E98-2A9D1C4E6F2E}.Debug|Any CPU.Build.0 = Debug|Any CPU
		{B36E4A0D-11B7-4F54-8E98-2A9D1C4E6F2E}.Release|Any CPU.ActiveCfg = Release|Any CPU
		{B36E4A0D-11B7-4F54-8E98-2A9D1C4E6F2E}.Release|Any CPU.Build.0 = Release|Any CPU
		{60EEDA0D-791F-4195-BE7C-D1E04C66B4FC}.Debug|Any CPU.ActiveCfg = Debug|Any CPU
		{60EEDA0D-791F-4195-BE7C-D1E04C66B4FC}.Debug|Any CPU.Build.0 = Debug|Any CPU
		{60EEDA0D-791F-4195-BE7C-D1E04C66B4FC}.Release|Any CPU.ActiveCfg = Release|Any CPU
		{60EEDA0D-791F-4195-BE7C-D1E04C66B4FC}.Release|Any CPU.Build.0 = Release|Any CPU
		{0EFA7CF1-FD3A-4702-AA75-64F7F467F78C}.Debug|Any CPU.ActiveCfg = Debug|Any CPU
		{0EFA7CF1-FD3A-4702-AA75-64F7F467F78C}.Debug|Any CPU.Build.0 = Debug|Any CPU
		{0EFA7CF1-FD3A-4702-AA75-64F7F467F78C}.Release|Any CPU.ActiveCfg = Release|Any CPU
		{0EFA7CF1-FD3A-4702-AA75-64F7F467F78C}.Release|Any CPU.Build.0 = Release|Any CPU
		{2D95C767-6588-4C52-837F-1CF93B31A044}.Debug|Any CPU.ActiveCfg = Debug|Any CPU
		{2D95C767-6588-4C52-837F-1CF93B31A044}.Debug|Any CPU.Build.0 = Debug|Any CPU
		{2D95C767-6588-4C52-837F-1CF93B31A044}.Release|Any CPU.ActiveCfg = Release|Any CPU
		{2D95C767-6588-4C52-837F-1CF93B31A044}.Release|Any CPU.Build.0 = Release|Any CPU
		{44201561-23E0-4F3D-8672-7DDB9F713343}.Debug|Any CPU.ActiveCfg = Debug|Any CPU
		{44201561-23E0-4F3D-8672-7DDB9F713343}.Debug|Any CPU.Build.0 = Debug|Any CPU
		{44201561-23E0-4F3D-8672-7DDB9F713343}.Release|Any CPU.ActiveCfg = Release|Any CPU
		{44201561-23E0-4F3D-8672-7DDB9F713343}.Release|Any CPU.Build.0 = Release|Any CPU
		{E315EAF4-CB2E-45E3-B2BC-B441496D00EE}.Debug|Any CPU.ActiveCfg = Debug|Any CPU
		{E315EAF4-CB2E-45E3-B2BC-B441496D00EE}.Debug|Any CPU.Build.0 = Debug|Any CPU
		{E315EAF4-CB2E-45E3-B2BC-B441496D00EE}.Release|Any CPU.ActiveCfg = Release|Any CPU
		{E315EAF4-CB2E-45E3-B2BC-B441496D00EE}.Release|Any CPU.Build.0 = Release|Any CPU
		{4CA57D31-BF65-4FCC-9016-BB1450DC20CA}.Debug|Any CPU.ActiveCfg = Debug|Any CPU
		{4CA57D31-BF65-4FCC-9016-BB1450DC20CA}.Debug|Any CPU.Build.0 = Debug|Any CPU
		{4CA57D31-BF65-4FCC-9016-BB1450DC20CA}.Release|Any CPU.ActiveCfg = Release|Any CPU
		{4CA57D31-BF65-4FCC-9016-BB1450DC20CA}.Release|Any CPU.Build.0 = Release|Any CPU
		{92FD3B88-65AC-4CB0-B64A-F256C924B7BF}.Debug|Any CPU.ActiveCfg = Debug|Any CPU
		{92FD3B88-65AC-4CB0-B64A-F256C924B7BF}.Debug|Any CPU.Build.0 = Debug|Any CPU
		{92FD3B88-65AC-4CB0-B64A-F256C924B7BF}.Release|Any CPU.ActiveCfg = Release|Any CPU
		{92FD3B88-65AC-4CB0-B64A-F256C924B7BF}.Release|Any CPU.Build.0 = Release|Any CPU
		{34E53097-8E8B-4603-88B8-DE5C5326E503}.Debug|Any CPU.ActiveCfg = Debug|Any CPU
		{34E53097-8E8B-4603-88B8-DE5C5326E503}.Debug|Any CPU.Build.0 = Debug|Any CPU
		{34E53097-8E8B-4603-88B8-DE5C5326E503}.Release|Any CPU.ActiveCfg = Release|Any CPU
		{34E53097-8E8B-4603-88B8-DE5C5326E503}.Release|Any CPU.Build.0 = Release|Any CPU
		{B2016757-336F-48BB-8388-04B25EE838D2}.Debug|Any CPU.ActiveCfg = Debug|Any CPU
		{B2016757-336F-48BB-8388-04B25EE838D2}.Debug|Any CPU.Build.0 = Debug|Any CPU
		{B2016757-336F-48BB-8388-04B25EE838D2}.Release|Any CPU.ActiveCfg = Release|Any CPU
		{B2016757-336F-48BB-8388-04B25EE838D2}.Release|Any CPU.Build.0 = Release|Any CPU
		{EFD00978-099C-4F82-A411-AE27C7DB1A29}.Debug|Any CPU.ActiveCfg = Debug|Any CPU
		{EFD00978-099C-4F82-A411-AE27C7DB1A29}.Debug|Any CPU.Build.0 = Debug|Any CPU
		{EFD00978-099C-4F82-A411-AE27C7DB1A29}.Release|Any CPU.ActiveCfg = Release|Any CPU
		{EFD00978-099C-4F82-A411-AE27C7DB1A29}.Release|Any CPU.Build.0 = Release|Any CPU
		{FAD9ABF0-290F-4FD3-9A0B-B12B69764F00}.Debug|Any CPU.ActiveCfg = Debug|Any CPU
		{FAD9ABF0-290F-4FD3-9A0B-B12B69764F00}.Debug|Any CPU.Build.0 = Debug|Any CPU
		{FAD9ABF0-290F-4FD3-9A0B-B12B69764F00}.Release|Any CPU.ActiveCfg = Release|Any CPU
		{FAD9ABF0-290F-4FD3-9A0B-B12B69764F00}.Release|Any CPU.Build.0 = Release|Any CPU
		{A893EC6D-5DEC-4F6E-B3E8-CC4B1B609224}.Debug|Any CPU.ActiveCfg = Debug|Any CPU
		{A893EC6D-5DEC-4F6E-B3E8-CC4B1B609224}.Debug|Any CPU.Build.0 = Debug|Any CPU
		{A893EC6D-5DEC-4F6E-B3E8-CC4B1B609224}.Release|Any CPU.ActiveCfg = Release|Any CPU
		{A893EC6D-5DEC-4F6E-B3E8-CC4B1B609224}.Release|Any CPU.Build.0 = Release|Any CPU
		{DEC9065F-3B4A-4EC2-AB64-9D87DDA6942C}.Debug|Any CPU.ActiveCfg = Debug|Any CPU
		{DEC9065F-3B4A-4EC2-AB64-9D87DDA6942C}.Debug|Any CPU.Build.0 = Debug|Any CPU
		{DEC9065F-3B4A-4EC2-AB64-9D87DDA6942C}.Release|Any CPU.ActiveCfg = Release|Any CPU
		{DEC9065F-3B4A-4EC2-AB64-9D87DDA6942C}.Release|Any CPU.Build.0 = Release|Any CPU
		{80893738-8224-4550-9132-807B757185C2}.Debug|Any CPU.ActiveCfg = Debug|Any CPU
		{80893738-8224-4550-9132-807B757185C2}.Debug|Any CPU.Build.0 = Debug|Any CPU
		{80893738-8224-4550-9132-807B757185C2}.Release|Any CPU.ActiveCfg = Release|Any CPU
		{80893738-8224-4550-9132-807B757185C2}.Release|Any CPU.Build.0 = Release|Any CPU
		{40DF73AC-028A-4551-8EC2-351EC7D7248E}.Debug|Any CPU.ActiveCfg = Debug|Any CPU
		{40DF73AC-028A-4551-8EC2-351EC7D7248E}.Debug|Any CPU.Build.0 = Debug|Any CPU
		{40DF73AC-028A-4551-8EC2-351EC7D7248E}.Release|Any CPU.ActiveCfg = Release|Any CPU
		{40DF73AC-028A-4551-8EC2-351EC7D7248E}.Release|Any CPU.Build.0 = Release|Any CPU
		{D96AD6B4-1BB8-4649-958B-C0406E0DDABF}.Debug|Any CPU.ActiveCfg = Debug|Any CPU
		{D96AD6B4-1BB8-4649-958B-C0406E0DDABF}.Debug|Any CPU.Build.0 = Debug|Any CPU
		{D96AD6B4-1BB8-4649-958B-C0406E0DDABF}.Release|Any CPU.ActiveCfg = Release|Any CPU
		{D96AD6B4-1BB8-4649-958B-C0406E0DDABF}.Release|Any CPU.Build.0 = Release|Any CPU
		{EFEE1933-36CC-4FE4-B670-111DD0A88BA5}.Debug|Any CPU.ActiveCfg = Debug|Any CPU
		{EFEE1933-36CC-4FE4-B670-111DD0A88BA5}.Debug|Any CPU.Build.0 = Debug|Any CPU
		{EFEE1933-36CC-4FE4-B670-111DD0A88BA5}.Release|Any CPU.ActiveCfg = Release|Any CPU
		{EFEE1933-36CC-4FE4-B670-111DD0A88BA5}.Release|Any CPU.Build.0 = Release|Any CPU
		{E11C307A-7C57-4E5B-A830-7432896686C9}.Debug|Any CPU.ActiveCfg = Debug|Any CPU
		{E11C307A-7C57-4E5B-A830-7432896686C9}.Debug|Any CPU.Build.0 = Debug|Any CPU
		{E11C307A-7C57-4E5B-A830-7432896686C9}.Release|Any CPU.ActiveCfg = Release|Any CPU
		{E11C307A-7C57-4E5B-A830-7432896686C9}.Release|Any CPU.Build.0 = Release|Any CPU
		{FAFB997A-4A71-4E37-AC65-26FDA4DD5565}.Debug|Any CPU.ActiveCfg = Debug|Any CPU
		{FAFB997A-4A71-4E37-AC65-26FDA4DD5565}.Debug|Any CPU.Build.0 = Debug|Any CPU
		{FAFB997A-4A71-4E37-AC65-26FDA4DD5565}.Release|Any CPU.ActiveCfg = Release|Any CPU
		{FAFB997A-4A71-4E37-AC65-26FDA4DD5565}.Release|Any CPU.Build.0 = Release|Any CPU
		{16F342FF-A151-442E-8849-B6D81DFFAE05}.Debug|Any CPU.ActiveCfg = Debug|Any CPU
		{16F342FF-A151-442E-8849-B6D81DFFAE05}.Debug|Any CPU.Build.0 = Debug|Any CPU
		{16F342FF-A151-442E-8849-B6D81DFFAE05}.Release|Any CPU.ActiveCfg = Release|Any CPU
		{16F342FF-A151-442E-8849-B6D81DFFAE05}.Release|Any CPU.Build.0 = Release|Any CPU
	EndGlobalSection
EndGlobal
